// !$*UTF8*$!
{
	archiveVersion = 1;
	classes = {
	};
	objectVersion = 46;
	objects = {

/* Begin PBXAggregateTarget section */
		"sqlite-helper::sqlite-helperPackageTests::ProductTarget" /* sqlite-helperPackageTests */ = {
			isa = PBXAggregateTarget;
			buildConfigurationList = OBJ_127 /* Build configuration list for PBXAggregateTarget "sqlite-helperPackageTests" */;
			buildPhases = (
			);
			dependencies = (
				OBJ_130 /* PBXTargetDependency */,
			);
			name = "sqlite-helperPackageTests";
			productName = "sqlite-helperPackageTests";
		};
/* End PBXAggregateTarget section */

/* Begin PBXBuildFile section */
		OBJ_106 /* Package.swift in Sources */ = {isa = PBXBuildFile; fileRef = OBJ_25 /* Package.swift */; };
		OBJ_112 /* Storable.swift in Sources */ = {isa = PBXBuildFile; fileRef = OBJ_9 /* Storable.swift */; };
		OBJ_113 /* StorableConfig.swift in Sources */ = {isa = PBXBuildFile; fileRef = OBJ_10 /* StorableConfig.swift */; };
		OBJ_114 /* Storege.swift in Sources */ = {isa = PBXBuildFile; fileRef = OBJ_11 /* Storege.swift */; };
		OBJ_116 /* apollo_mapper.framework in Frameworks */ = {isa = PBXBuildFile; fileRef = "apollo-mapper::apollo-mapper::Product" /* apollo_mapper.framework */; };
		OBJ_117 /* SQLite.framework in Frameworks */ = {isa = PBXBuildFile; fileRef = "SQLite.swift::SQLite::Product" /* SQLite.framework */; };
		OBJ_125 /* Package.swift in Sources */ = {isa = PBXBuildFile; fileRef = OBJ_6 /* Package.swift */; };
		OBJ_136 /* Machine.swift in Sources */ = {isa = PBXBuildFile; fileRef = OBJ_14 /* Machine.swift */; };
		OBJ_137 /* sqlite_helperTests.swift in Sources */ = {isa = PBXBuildFile; fileRef = OBJ_15 /* sqlite_helperTests.swift */; };
		OBJ_139 /* sqlite_helper.framework in Frameworks */ = {isa = PBXBuildFile; fileRef = "sqlite-helper::sqlite-helper::Product" /* sqlite_helper.framework */; };
		OBJ_140 /* apollo_mapper.framework in Frameworks */ = {isa = PBXBuildFile; fileRef = "apollo-mapper::apollo-mapper::Product" /* apollo_mapper.framework */; };
		OBJ_141 /* SQLite.framework in Frameworks */ = {isa = PBXBuildFile; fileRef = "SQLite.swift::SQLite::Product" /* SQLite.framework */; };
		OBJ_62 /* Blob.swift in Sources */ = {isa = PBXBuildFile; fileRef = OBJ_29 /* Blob.swift */; };
		OBJ_63 /* Connection.swift in Sources */ = {isa = PBXBuildFile; fileRef = OBJ_30 /* Connection.swift */; };
		OBJ_64 /* Errors.swift in Sources */ = {isa = PBXBuildFile; fileRef = OBJ_31 /* Errors.swift */; };
		OBJ_65 /* Statement.swift in Sources */ = {isa = PBXBuildFile; fileRef = OBJ_32 /* Statement.swift */; };
		OBJ_66 /* Value.swift in Sources */ = {isa = PBXBuildFile; fileRef = OBJ_33 /* Value.swift */; };
		OBJ_67 /* Cipher.swift in Sources */ = {isa = PBXBuildFile; fileRef = OBJ_35 /* Cipher.swift */; };
		OBJ_68 /* RTree.swift in Sources */ = {isa = PBXBuildFile; fileRef = OBJ_36 /* RTree.swift */; };
		OBJ_69 /* Foundation.swift in Sources */ = {isa = PBXBuildFile; fileRef = OBJ_37 /* Foundation.swift */; };
		OBJ_70 /* Helpers.swift in Sources */ = {isa = PBXBuildFile; fileRef = OBJ_38 /* Helpers.swift */; };
		OBJ_71 /* AggregateFunctions.swift in Sources */ = {isa = PBXBuildFile; fileRef = OBJ_40 /* AggregateFunctions.swift */; };
		OBJ_72 /* Coding.swift in Sources */ = {isa = PBXBuildFile; fileRef = OBJ_41 /* Coding.swift */; };
		OBJ_73 /* Collation.swift in Sources */ = {isa = PBXBuildFile; fileRef = OBJ_42 /* Collation.swift */; };
		OBJ_74 /* CoreFunctions.swift in Sources */ = {isa = PBXBuildFile; fileRef = OBJ_43 /* CoreFunctions.swift */; };
		OBJ_75 /* CustomFunctions.swift in Sources */ = {isa = PBXBuildFile; fileRef = OBJ_44 /* CustomFunctions.swift */; };
		OBJ_76 /* DateAndTimeFunctions.swift in Sources */ = {isa = PBXBuildFile; fileRef = OBJ_45 /* DateAndTimeFunctions.swift */; };
		OBJ_77 /* Expression.swift in Sources */ = {isa = PBXBuildFile; fileRef = OBJ_46 /* Expression.swift */; };
		OBJ_78 /* Operators.swift in Sources */ = {isa = PBXBuildFile; fileRef = OBJ_47 /* Operators.swift */; };
		OBJ_79 /* Query.swift in Sources */ = {isa = PBXBuildFile; fileRef = OBJ_48 /* Query.swift */; };
		OBJ_80 /* Schema.swift in Sources */ = {isa = PBXBuildFile; fileRef = OBJ_49 /* Schema.swift */; };
		OBJ_81 /* Setter.swift in Sources */ = {isa = PBXBuildFile; fileRef = OBJ_50 /* Setter.swift */; };
		OBJ_88 /* Package.swift in Sources */ = {isa = PBXBuildFile; fileRef = OBJ_51 /* Package.swift */; };
		OBJ_94 /* Mappable.swift in Sources */ = {isa = PBXBuildFile; fileRef = OBJ_19 /* Mappable.swift */; };
		OBJ_95 /* Mapper.swift in Sources */ = {isa = PBXBuildFile; fileRef = OBJ_20 /* Mapper.swift */; };
		OBJ_96 /* MapperStorage.swift in Sources */ = {isa = PBXBuildFile; fileRef = OBJ_21 /* MapperStorage.swift */; };
		OBJ_97 /* MapperStorageTransactionSplitter.swift in Sources */ = {isa = PBXBuildFile; fileRef = OBJ_22 /* MapperStorageTransactionSplitter.swift */; };
		OBJ_98 /* MappingError.swift in Sources */ = {isa = PBXBuildFile; fileRef = OBJ_23 /* MappingError.swift */; };
		OBJ_99 /* TransformTypes.swift in Sources */ = {isa = PBXBuildFile; fileRef = OBJ_24 /* TransformTypes.swift */; };
/* End PBXBuildFile section */

/* Begin PBXContainerItemProxy section */
		152F333B21B1965300F19A95 /* PBXContainerItemProxy */ = {
			isa = PBXContainerItemProxy;
			containerPortal = OBJ_1 /* Project object */;
			proxyType = 1;
			remoteGlobalIDString = "apollo-mapper::apollo-mapper";
			remoteInfo = "apollo-mapper";
		};
		152F333C21B1965300F19A95 /* PBXContainerItemProxy */ = {
			isa = PBXContainerItemProxy;
			containerPortal = OBJ_1 /* Project object */;
			proxyType = 1;
			remoteGlobalIDString = "SQLite.swift::SQLite";
			remoteInfo = SQLite;
		};
		152F333D21B1965300F19A95 /* PBXContainerItemProxy */ = {
			isa = PBXContainerItemProxy;
			containerPortal = OBJ_1 /* Project object */;
			proxyType = 1;
			remoteGlobalIDString = "sqlite-helper::sqlite-helper";
			remoteInfo = "sqlite-helper";
		};
		152F333E21B1965300F19A95 /* PBXContainerItemProxy */ = {
			isa = PBXContainerItemProxy;
			containerPortal = OBJ_1 /* Project object */;
			proxyType = 1;
			remoteGlobalIDString = "apollo-mapper::apollo-mapper";
			remoteInfo = "apollo-mapper";
		};
		152F333F21B1965300F19A95 /* PBXContainerItemProxy */ = {
			isa = PBXContainerItemProxy;
			containerPortal = OBJ_1 /* Project object */;
			proxyType = 1;
			remoteGlobalIDString = "SQLite.swift::SQLite";
			remoteInfo = SQLite;
		};
/* End PBXContainerItemProxy section */

/* Begin PBXFileReference section */
		OBJ_10 /* StorableConfig.swift */ = {isa = PBXFileReference; lastKnownFileType = sourcecode.swift; path = StorableConfig.swift; sourceTree = "<group>"; };
		OBJ_11 /* Storege.swift */ = {isa = PBXFileReference; lastKnownFileType = sourcecode.swift; path = Storege.swift; sourceTree = "<group>"; };
		OBJ_14 /* Machine.swift */ = {isa = PBXFileReference; lastKnownFileType = sourcecode.swift; path = Machine.swift; sourceTree = "<group>"; };
		OBJ_15 /* sqlite_helperTests.swift */ = {isa = PBXFileReference; lastKnownFileType = sourcecode.swift; path = sqlite_helperTests.swift; sourceTree = "<group>"; };
		OBJ_19 /* Mappable.swift */ = {isa = PBXFileReference; lastKnownFileType = sourcecode.swift; path = Mappable.swift; sourceTree = "<group>"; };
		OBJ_20 /* Mapper.swift */ = {isa = PBXFileReference; lastKnownFileType = sourcecode.swift; path = Mapper.swift; sourceTree = "<group>"; };
		OBJ_21 /* MapperStorage.swift */ = {isa = PBXFileReference; lastKnownFileType = sourcecode.swift; path = MapperStorage.swift; sourceTree = "<group>"; };
		OBJ_22 /* MapperStorageTransactionSplitter.swift */ = {isa = PBXFileReference; lastKnownFileType = sourcecode.swift; path = MapperStorageTransactionSplitter.swift; sourceTree = "<group>"; };
		OBJ_23 /* MappingError.swift */ = {isa = PBXFileReference; lastKnownFileType = sourcecode.swift; path = MappingError.swift; sourceTree = "<group>"; };
		OBJ_24 /* TransformTypes.swift */ = {isa = PBXFileReference; lastKnownFileType = sourcecode.swift; path = TransformTypes.swift; sourceTree = "<group>"; };
		OBJ_25 /* Package.swift */ = {isa = PBXFileReference; explicitFileType = sourcecode.swift; name = Package.swift; path = "/Users/lumyk/ios/sqlite-helper/.build/checkouts/apollo-mapper.git--3309244341683327319/Package.swift"; sourceTree = "<group>"; };
		OBJ_29 /* Blob.swift */ = {isa = PBXFileReference; lastKnownFileType = sourcecode.swift; path = Blob.swift; sourceTree = "<group>"; };
		OBJ_30 /* Connection.swift */ = {isa = PBXFileReference; lastKnownFileType = sourcecode.swift; path = Connection.swift; sourceTree = "<group>"; };
		OBJ_31 /* Errors.swift */ = {isa = PBXFileReference; lastKnownFileType = sourcecode.swift; path = Errors.swift; sourceTree = "<group>"; };
		OBJ_32 /* Statement.swift */ = {isa = PBXFileReference; lastKnownFileType = sourcecode.swift; path = Statement.swift; sourceTree = "<group>"; };
		OBJ_33 /* Value.swift */ = {isa = PBXFileReference; lastKnownFileType = sourcecode.swift; path = Value.swift; sourceTree = "<group>"; };
		OBJ_35 /* Cipher.swift */ = {isa = PBXFileReference; lastKnownFileType = sourcecode.swift; path = Cipher.swift; sourceTree = "<group>"; };
		OBJ_36 /* RTree.swift */ = {isa = PBXFileReference; lastKnownFileType = sourcecode.swift; path = RTree.swift; sourceTree = "<group>"; };
		OBJ_37 /* Foundation.swift */ = {isa = PBXFileReference; lastKnownFileType = sourcecode.swift; path = Foundation.swift; sourceTree = "<group>"; };
		OBJ_38 /* Helpers.swift */ = {isa = PBXFileReference; lastKnownFileType = sourcecode.swift; path = Helpers.swift; sourceTree = "<group>"; };
		OBJ_40 /* AggregateFunctions.swift */ = {isa = PBXFileReference; lastKnownFileType = sourcecode.swift; path = AggregateFunctions.swift; sourceTree = "<group>"; };
		OBJ_41 /* Coding.swift */ = {isa = PBXFileReference; lastKnownFileType = sourcecode.swift; path = Coding.swift; sourceTree = "<group>"; };
		OBJ_42 /* Collation.swift */ = {isa = PBXFileReference; lastKnownFileType = sourcecode.swift; path = Collation.swift; sourceTree = "<group>"; };
		OBJ_43 /* CoreFunctions.swift */ = {isa = PBXFileReference; lastKnownFileType = sourcecode.swift; path = CoreFunctions.swift; sourceTree = "<group>"; };
		OBJ_44 /* CustomFunctions.swift */ = {isa = PBXFileReference; lastKnownFileType = sourcecode.swift; path = CustomFunctions.swift; sourceTree = "<group>"; };
		OBJ_45 /* DateAndTimeFunctions.swift */ = {isa = PBXFileReference; lastKnownFileType = sourcecode.swift; path = DateAndTimeFunctions.swift; sourceTree = "<group>"; };
		OBJ_46 /* Expression.swift */ = {isa = PBXFileReference; lastKnownFileType = sourcecode.swift; path = Expression.swift; sourceTree = "<group>"; };
		OBJ_47 /* Operators.swift */ = {isa = PBXFileReference; lastKnownFileType = sourcecode.swift; path = Operators.swift; sourceTree = "<group>"; };
		OBJ_48 /* Query.swift */ = {isa = PBXFileReference; lastKnownFileType = sourcecode.swift; path = Query.swift; sourceTree = "<group>"; };
		OBJ_49 /* Schema.swift */ = {isa = PBXFileReference; lastKnownFileType = sourcecode.swift; path = Schema.swift; sourceTree = "<group>"; };
		OBJ_50 /* Setter.swift */ = {isa = PBXFileReference; lastKnownFileType = sourcecode.swift; path = Setter.swift; sourceTree = "<group>"; };
		OBJ_51 /* Package.swift */ = {isa = PBXFileReference; explicitFileType = sourcecode.swift; name = Package.swift; path = "/Users/lumyk/ios/sqlite-helper/.build/checkouts/SQLite.swift.git-1614377748452545569/Package.swift"; sourceTree = "<group>"; };
		OBJ_6 /* Package.swift */ = {isa = PBXFileReference; explicitFileType = sourcecode.swift; path = Package.swift; sourceTree = "<group>"; };
		OBJ_9 /* Storable.swift */ = {isa = PBXFileReference; lastKnownFileType = sourcecode.swift; path = Storable.swift; sourceTree = "<group>"; };
		"SQLite.swift::SQLite::Product" /* SQLite.framework */ = {isa = PBXFileReference; lastKnownFileType = wrapper.framework; path = SQLite.framework; sourceTree = BUILT_PRODUCTS_DIR; };
		"apollo-mapper::apollo-mapper::Product" /* apollo_mapper.framework */ = {isa = PBXFileReference; lastKnownFileType = wrapper.framework; path = apollo_mapper.framework; sourceTree = BUILT_PRODUCTS_DIR; };
		"sqlite-helper::sqlite-helper::Product" /* sqlite_helper.framework */ = {isa = PBXFileReference; lastKnownFileType = wrapper.framework; path = sqlite_helper.framework; sourceTree = BUILT_PRODUCTS_DIR; };
		"sqlite-helper::sqlite-helperTests::Product" /* sqlite_helperTests.xctest */ = {isa = PBXFileReference; lastKnownFileType = file; name = sqlite_helperTests.xctest; path = "sqlite-helperTests.xctest"; sourceTree = BUILT_PRODUCTS_DIR; };
/* End PBXFileReference section */

/* Begin PBXFrameworksBuildPhase section */
		OBJ_100 /* Frameworks */ = {
			isa = PBXFrameworksBuildPhase;
			buildActionMask = 0;
			files = (
			);
			runOnlyForDeploymentPostprocessing = 0;
		};
		OBJ_115 /* Frameworks */ = {
			isa = PBXFrameworksBuildPhase;
			buildActionMask = 0;
			files = (
				OBJ_116 /* apollo_mapper.framework in Frameworks */,
				OBJ_117 /* SQLite.framework in Frameworks */,
			);
			runOnlyForDeploymentPostprocessing = 0;
		};
		OBJ_138 /* Frameworks */ = {
			isa = PBXFrameworksBuildPhase;
			buildActionMask = 0;
			files = (
				OBJ_139 /* sqlite_helper.framework in Frameworks */,
				OBJ_140 /* apollo_mapper.framework in Frameworks */,
				OBJ_141 /* SQLite.framework in Frameworks */,
			);
			runOnlyForDeploymentPostprocessing = 0;
		};
		OBJ_82 /* Frameworks */ = {
			isa = PBXFrameworksBuildPhase;
			buildActionMask = 0;
			files = (
			);
			runOnlyForDeploymentPostprocessing = 0;
		};
/* End PBXFrameworksBuildPhase section */

/* Begin PBXGroup section */
		OBJ_12 /* Tests */ = {
			isa = PBXGroup;
			children = (
				OBJ_13 /* sqlite-helperTests */,
			);
			name = Tests;
			sourceTree = SOURCE_ROOT;
		};
		OBJ_13 /* sqlite-helperTests */ = {
			isa = PBXGroup;
			children = (
				OBJ_14 /* Machine.swift */,
				OBJ_15 /* sqlite_helperTests.swift */,
			);
			name = "sqlite-helperTests";
			path = "Tests/sqlite-helperTests";
			sourceTree = SOURCE_ROOT;
		};
		OBJ_16 /* Dependencies */ = {
			isa = PBXGroup;
			children = (
				OBJ_17 /* apollo-mapper 0.0.7 */,
				OBJ_26 /* SQLite.swift 0.11.5 */,
			);
			name = Dependencies;
			sourceTree = "<group>";
		};
		OBJ_17 /* apollo-mapper 0.0.7 */ = {
			isa = PBXGroup;
			children = (
				OBJ_18 /* apollo-mapper */,
				OBJ_25 /* Package.swift */,
			);
			name = "apollo-mapper 0.0.7";
			sourceTree = SOURCE_ROOT;
		};
		OBJ_18 /* apollo-mapper */ = {
			isa = PBXGroup;
			children = (
				OBJ_19 /* Mappable.swift */,
				OBJ_20 /* Mapper.swift */,
				OBJ_21 /* MapperStorage.swift */,
				OBJ_22 /* MapperStorageTransactionSplitter.swift */,
				OBJ_23 /* MappingError.swift */,
				OBJ_24 /* TransformTypes.swift */,
			);
			name = "apollo-mapper";
			path = ".build/checkouts/apollo-mapper.git--3309244341683327319/Sources/apollo-mapper";
			sourceTree = SOURCE_ROOT;
		};
		OBJ_26 /* SQLite.swift 0.11.5 */ = {
			isa = PBXGroup;
			children = (
				OBJ_27 /* SQLite */,
				OBJ_51 /* Package.swift */,
			);
			name = "SQLite.swift 0.11.5";
			sourceTree = SOURCE_ROOT;
		};
		OBJ_27 /* SQLite */ = {
			isa = PBXGroup;
			children = (
				OBJ_28 /* Core */,
				OBJ_34 /* Extensions */,
				OBJ_37 /* Foundation.swift */,
				OBJ_38 /* Helpers.swift */,
				OBJ_39 /* Typed */,
			);
			name = SQLite;
			path = ".build/checkouts/SQLite.swift.git-1614377748452545569/Sources/SQLite";
			sourceTree = SOURCE_ROOT;
		};
		OBJ_28 /* Core */ = {
			isa = PBXGroup;
			children = (
				OBJ_29 /* Blob.swift */,
				OBJ_30 /* Connection.swift */,
				OBJ_31 /* Errors.swift */,
				OBJ_32 /* Statement.swift */,
				OBJ_33 /* Value.swift */,
			);
			path = Core;
			sourceTree = "<group>";
		};
		OBJ_34 /* Extensions */ = {
			isa = PBXGroup;
			children = (
				OBJ_35 /* Cipher.swift */,
				OBJ_36 /* RTree.swift */,
			);
			path = Extensions;
			sourceTree = "<group>";
		};
		OBJ_39 /* Typed */ = {
			isa = PBXGroup;
			children = (
				OBJ_40 /* AggregateFunctions.swift */,
				OBJ_41 /* Coding.swift */,
				OBJ_42 /* Collation.swift */,
				OBJ_43 /* CoreFunctions.swift */,
				OBJ_44 /* CustomFunctions.swift */,
				OBJ_45 /* DateAndTimeFunctions.swift */,
				OBJ_46 /* Expression.swift */,
				OBJ_47 /* Operators.swift */,
				OBJ_48 /* Query.swift */,
				OBJ_49 /* Schema.swift */,
				OBJ_50 /* Setter.swift */,
			);
			path = Typed;
			sourceTree = "<group>";
		};
		OBJ_5 /*  */ = {
			isa = PBXGroup;
			children = (
				OBJ_6 /* Package.swift */,
				OBJ_7 /* Sources */,
				OBJ_12 /* Tests */,
				OBJ_16 /* Dependencies */,
				OBJ_52 /* Products */,
			);
			name = "";
			sourceTree = "<group>";
		};
		OBJ_52 /* Products */ = {
			isa = PBXGroup;
			children = (
				"sqlite-helper::sqlite-helperTests::Product" /* sqlite_helperTests.xctest */,
				"apollo-mapper::apollo-mapper::Product" /* apollo_mapper.framework */,
				"SQLite.swift::SQLite::Product" /* SQLite.framework */,
				"sqlite-helper::sqlite-helper::Product" /* sqlite_helper.framework */,
			);
			name = Products;
			sourceTree = BUILT_PRODUCTS_DIR;
		};
		OBJ_7 /* Sources */ = {
			isa = PBXGroup;
			children = (
				OBJ_8 /* sqlite-helper */,
			);
			name = Sources;
			sourceTree = SOURCE_ROOT;
		};
		OBJ_8 /* sqlite-helper */ = {
			isa = PBXGroup;
			children = (
				OBJ_9 /* Storable.swift */,
				OBJ_10 /* StorableConfig.swift */,
				OBJ_11 /* Storege.swift */,
			);
			name = "sqlite-helper";
			path = "Sources/sqlite-helper";
			sourceTree = SOURCE_ROOT;
		};
/* End PBXGroup section */

/* Begin PBXNativeTarget section */
		"SQLite.swift::SQLite" /* SQLite */ = {
			isa = PBXNativeTarget;
			buildConfigurationList = OBJ_58 /* Build configuration list for PBXNativeTarget "SQLite" */;
			buildPhases = (
				OBJ_61 /* Sources */,
				OBJ_82 /* Frameworks */,
			);
			buildRules = (
			);
			dependencies = (
			);
			name = SQLite;
			productName = SQLite;
			productReference = "SQLite.swift::SQLite::Product" /* SQLite.framework */;
			productType = "com.apple.product-type.framework";
		};
		"SQLite.swift::SwiftPMPackageDescription" /* SQLite.swiftPackageDescription */ = {
			isa = PBXNativeTarget;
			buildConfigurationList = OBJ_84 /* Build configuration list for PBXNativeTarget "SQLite.swiftPackageDescription" */;
			buildPhases = (
				OBJ_87 /* Sources */,
			);
			buildRules = (
			);
			dependencies = (
			);
			name = SQLite.swiftPackageDescription;
			productName = SQLite.swiftPackageDescription;
			productType = "com.apple.product-type.framework";
		};
		"apollo-mapper::SwiftPMPackageDescription" /* apollo-mapperPackageDescription */ = {
			isa = PBXNativeTarget;
			buildConfigurationList = OBJ_102 /* Build configuration list for PBXNativeTarget "apollo-mapperPackageDescription" */;
			buildPhases = (
				OBJ_105 /* Sources */,
			);
			buildRules = (
			);
			dependencies = (
			);
			name = "apollo-mapperPackageDescription";
			productName = "apollo-mapperPackageDescription";
			productType = "com.apple.product-type.framework";
		};
		"apollo-mapper::apollo-mapper" /* apollo-mapper */ = {
			isa = PBXNativeTarget;
			buildConfigurationList = OBJ_90 /* Build configuration list for PBXNativeTarget "apollo-mapper" */;
			buildPhases = (
				OBJ_93 /* Sources */,
				OBJ_100 /* Frameworks */,
			);
			buildRules = (
			);
			dependencies = (
			);
			name = "apollo-mapper";
			productName = apollo_mapper;
			productReference = "apollo-mapper::apollo-mapper::Product" /* apollo_mapper.framework */;
			productType = "com.apple.product-type.framework";
		};
		"sqlite-helper::SwiftPMPackageDescription" /* sqlite-helperPackageDescription */ = {
			isa = PBXNativeTarget;
			buildConfigurationList = OBJ_121 /* Build configuration list for PBXNativeTarget "sqlite-helperPackageDescription" */;
			buildPhases = (
				OBJ_124 /* Sources */,
			);
			buildRules = (
			);
			dependencies = (
			);
			name = "sqlite-helperPackageDescription";
			productName = "sqlite-helperPackageDescription";
			productType = "com.apple.product-type.framework";
		};
		"sqlite-helper::sqlite-helper" /* sqlite-helper */ = {
			isa = PBXNativeTarget;
			buildConfigurationList = OBJ_108 /* Build configuration list for PBXNativeTarget "sqlite-helper" */;
			buildPhases = (
				OBJ_111 /* Sources */,
				OBJ_115 /* Frameworks */,
			);
			buildRules = (
			);
			dependencies = (
				OBJ_118 /* PBXTargetDependency */,
				OBJ_119 /* PBXTargetDependency */,
			);
			name = "sqlite-helper";
			productName = sqlite_helper;
			productReference = "sqlite-helper::sqlite-helper::Product" /* sqlite_helper.framework */;
			productType = "com.apple.product-type.framework";
		};
		"sqlite-helper::sqlite-helperTests" /* sqlite-helperTests */ = {
			isa = PBXNativeTarget;
			buildConfigurationList = OBJ_132 /* Build configuration list for PBXNativeTarget "sqlite-helperTests" */;
			buildPhases = (
				OBJ_135 /* Sources */,
				OBJ_138 /* Frameworks */,
			);
			buildRules = (
			);
			dependencies = (
				OBJ_142 /* PBXTargetDependency */,
				OBJ_143 /* PBXTargetDependency */,
				OBJ_144 /* PBXTargetDependency */,
			);
			name = "sqlite-helperTests";
			productName = sqlite_helperTests;
			productReference = "sqlite-helper::sqlite-helperTests::Product" /* sqlite_helperTests.xctest */;
			productType = "com.apple.product-type.bundle.unit-test";
		};
/* End PBXNativeTarget section */

/* Begin PBXProject section */
		OBJ_1 /* Project object */ = {
			isa = PBXProject;
			attributes = {
				LastUpgradeCheck = 9999;
			};
			buildConfigurationList = OBJ_2 /* Build configuration list for PBXProject "sqlite-helper" */;
			compatibilityVersion = "Xcode 3.2";
			developmentRegion = English;
			hasScannedForEncodings = 0;
			knownRegions = (
				en,
			);
			mainGroup = OBJ_5 /*  */;
			productRefGroup = OBJ_52 /* Products */;
			projectDirPath = "";
			projectRoot = "";
			targets = (
				"SQLite.swift::SQLite" /* SQLite */,
				"SQLite.swift::SwiftPMPackageDescription" /* SQLite.swiftPackageDescription */,
				"apollo-mapper::apollo-mapper" /* apollo-mapper */,
				"apollo-mapper::SwiftPMPackageDescription" /* apollo-mapperPackageDescription */,
				"sqlite-helper::sqlite-helper" /* sqlite-helper */,
				"sqlite-helper::SwiftPMPackageDescription" /* sqlite-helperPackageDescription */,
				"sqlite-helper::sqlite-helperPackageTests::ProductTarget" /* sqlite-helperPackageTests */,
				"sqlite-helper::sqlite-helperTests" /* sqlite-helperTests */,
			);
		};
/* End PBXProject section */

/* Begin PBXSourcesBuildPhase section */
		OBJ_105 /* Sources */ = {
			isa = PBXSourcesBuildPhase;
			buildActionMask = 0;
			files = (
				OBJ_106 /* Package.swift in Sources */,
			);
			runOnlyForDeploymentPostprocessing = 0;
		};
		OBJ_111 /* Sources */ = {
			isa = PBXSourcesBuildPhase;
			buildActionMask = 0;
			files = (
				OBJ_112 /* Storable.swift in Sources */,
				OBJ_113 /* StorableConfig.swift in Sources */,
				OBJ_114 /* Storege.swift in Sources */,
			);
			runOnlyForDeploymentPostprocessing = 0;
		};
		OBJ_124 /* Sources */ = {
			isa = PBXSourcesBuildPhase;
			buildActionMask = 0;
			files = (
				OBJ_125 /* Package.swift in Sources */,
			);
			runOnlyForDeploymentPostprocessing = 0;
		};
		OBJ_135 /* Sources */ = {
			isa = PBXSourcesBuildPhase;
			buildActionMask = 0;
			files = (
				OBJ_136 /* Machine.swift in Sources */,
				OBJ_137 /* sqlite_helperTests.swift in Sources */,
			);
			runOnlyForDeploymentPostprocessing = 0;
		};
		OBJ_61 /* Sources */ = {
			isa = PBXSourcesBuildPhase;
			buildActionMask = 0;
			files = (
				OBJ_62 /* Blob.swift in Sources */,
				OBJ_63 /* Connection.swift in Sources */,
				OBJ_64 /* Errors.swift in Sources */,
				OBJ_65 /* Statement.swift in Sources */,
				OBJ_66 /* Value.swift in Sources */,
				OBJ_67 /* Cipher.swift in Sources */,
				OBJ_68 /* RTree.swift in Sources */,
				OBJ_69 /* Foundation.swift in Sources */,
				OBJ_70 /* Helpers.swift in Sources */,
				OBJ_71 /* AggregateFunctions.swift in Sources */,
				OBJ_72 /* Coding.swift in Sources */,
				OBJ_73 /* Collation.swift in Sources */,
				OBJ_74 /* CoreFunctions.swift in Sources */,
				OBJ_75 /* CustomFunctions.swift in Sources */,
				OBJ_76 /* DateAndTimeFunctions.swift in Sources */,
				OBJ_77 /* Expression.swift in Sources */,
				OBJ_78 /* Operators.swift in Sources */,
				OBJ_79 /* Query.swift in Sources */,
				OBJ_80 /* Schema.swift in Sources */,
				OBJ_81 /* Setter.swift in Sources */,
			);
			runOnlyForDeploymentPostprocessing = 0;
		};
		OBJ_87 /* Sources */ = {
			isa = PBXSourcesBuildPhase;
			buildActionMask = 0;
			files = (
				OBJ_88 /* Package.swift in Sources */,
			);
			runOnlyForDeploymentPostprocessing = 0;
		};
		OBJ_93 /* Sources */ = {
			isa = PBXSourcesBuildPhase;
			buildActionMask = 0;
			files = (
				OBJ_94 /* Mappable.swift in Sources */,
				OBJ_95 /* Mapper.swift in Sources */,
				OBJ_96 /* MapperStorage.swift in Sources */,
				OBJ_97 /* MapperStorageTransactionSplitter.swift in Sources */,
				OBJ_98 /* MappingError.swift in Sources */,
				OBJ_99 /* TransformTypes.swift in Sources */,
			);
			runOnlyForDeploymentPostprocessing = 0;
		};
/* End PBXSourcesBuildPhase section */

/* Begin PBXTargetDependency section */
		OBJ_118 /* PBXTargetDependency */ = {
			isa = PBXTargetDependency;
			target = "apollo-mapper::apollo-mapper" /* apollo-mapper */;
			targetProxy = 152F333B21B1965300F19A95 /* PBXContainerItemProxy */;
		};
		OBJ_119 /* PBXTargetDependency */ = {
			isa = PBXTargetDependency;
			target = "SQLite.swift::SQLite" /* SQLite */;
			targetProxy = 152F333C21B1965300F19A95 /* PBXContainerItemProxy */;
		};
		OBJ_130 /* PBXTargetDependency */ = {
			isa = PBXTargetDependency;
			target = "sqlite-helper::sqlite-helperTests" /* sqlite-helperTests */;
			targetProxy = "sqlite-helper::sqlite-helperTests" /* sqlite-helperTests */;
		};
		OBJ_142 /* PBXTargetDependency */ = {
			isa = PBXTargetDependency;
			target = "sqlite-helper::sqlite-helper" /* sqlite-helper */;
			targetProxy = 152F333D21B1965300F19A95 /* PBXContainerItemProxy */;
		};
		OBJ_143 /* PBXTargetDependency */ = {
			isa = PBXTargetDependency;
			target = "apollo-mapper::apollo-mapper" /* apollo-mapper */;
			targetProxy = 152F333E21B1965300F19A95 /* PBXContainerItemProxy */;
		};
		OBJ_144 /* PBXTargetDependency */ = {
			isa = PBXTargetDependency;
			target = "SQLite.swift::SQLite" /* SQLite */;
			targetProxy = 152F333F21B1965300F19A95 /* PBXContainerItemProxy */;
		};
/* End PBXTargetDependency section */

/* Begin XCBuildConfiguration section */
		OBJ_103 /* Debug */ = {
			isa = XCBuildConfiguration;
			buildSettings = {
				LD = /usr/bin/true;
				OTHER_SWIFT_FLAGS = "-swift-version 4.2 -I $(TOOLCHAIN_DIR)/usr/lib/swift/pm/4_2 -target x86_64-apple-macosx10.10 -sdk /Applications/Xcode.app/Contents/Developer/Platforms/MacOSX.platform/Developer/SDKs/MacOSX10.14.sdk";
				SWIFT_VERSION = 4.2;
			};
			name = Debug;
		};
		OBJ_104 /* Release */ = {
			isa = XCBuildConfiguration;
			buildSettings = {
				LD = /usr/bin/true;
				OTHER_SWIFT_FLAGS = "-swift-version 4.2 -I $(TOOLCHAIN_DIR)/usr/lib/swift/pm/4_2 -target x86_64-apple-macosx10.10 -sdk /Applications/Xcode.app/Contents/Developer/Platforms/MacOSX.platform/Developer/SDKs/MacOSX10.14.sdk";
				SWIFT_VERSION = 4.2;
			};
			name = Release;
		};
		OBJ_109 /* Debug */ = {
			isa = XCBuildConfiguration;
			buildSettings = {
				ENABLE_TESTABILITY = YES;
				FRAMEWORK_SEARCH_PATHS = (
					"$(inherited)",
					"$(PLATFORM_DIR)/Developer/Library/Frameworks",
				);
				HEADER_SEARCH_PATHS = (
					"$(inherited)",
					"$(SRCROOT)/.build/checkouts/CSQLite.git--1049426613550959699",
				);
				INFOPLIST_FILE = "sqlite-helper.xcodeproj/sqlite_helper_Info.plist";
				LD_RUNPATH_SEARCH_PATHS = "$(inherited) $(TOOLCHAIN_DIR)/usr/lib/swift/macosx";
				OTHER_CFLAGS = "$(inherited)";
				OTHER_LDFLAGS = "$(inherited)";
				OTHER_SWIFT_FLAGS = "$(inherited)";
				PRODUCT_BUNDLE_IDENTIFIER = "sqlite-helper";
				PRODUCT_MODULE_NAME = "$(TARGET_NAME:c99extidentifier)";
				PRODUCT_NAME = "$(TARGET_NAME:c99extidentifier)";
				SKIP_INSTALL = YES;
				SWIFT_ACTIVE_COMPILATION_CONDITIONS = "$(inherited)";
				SWIFT_VERSION = 4.2;
				TARGET_NAME = "sqlite-helper";
			};
			name = Debug;
		};
		OBJ_110 /* Release */ = {
			isa = XCBuildConfiguration;
			buildSettings = {
				ENABLE_TESTABILITY = YES;
				FRAMEWORK_SEARCH_PATHS = (
					"$(inherited)",
					"$(PLATFORM_DIR)/Developer/Library/Frameworks",
				);
				HEADER_SEARCH_PATHS = (
					"$(inherited)",
					"$(SRCROOT)/.build/checkouts/CSQLite.git--1049426613550959699",
				);
				INFOPLIST_FILE = "sqlite-helper.xcodeproj/sqlite_helper_Info.plist";
				LD_RUNPATH_SEARCH_PATHS = "$(inherited) $(TOOLCHAIN_DIR)/usr/lib/swift/macosx";
				OTHER_CFLAGS = "$(inherited)";
				OTHER_LDFLAGS = "$(inherited)";
				OTHER_SWIFT_FLAGS = "$(inherited)";
				PRODUCT_BUNDLE_IDENTIFIER = "sqlite-helper";
				PRODUCT_MODULE_NAME = "$(TARGET_NAME:c99extidentifier)";
				PRODUCT_NAME = "$(TARGET_NAME:c99extidentifier)";
				SKIP_INSTALL = YES;
				SWIFT_ACTIVE_COMPILATION_CONDITIONS = "$(inherited)";
				SWIFT_VERSION = 4.2;
				TARGET_NAME = "sqlite-helper";
			};
			name = Release;
		};
		OBJ_122 /* Debug */ = {
			isa = XCBuildConfiguration;
			buildSettings = {
				LD = /usr/bin/true;
				OTHER_SWIFT_FLAGS = "-swift-version 4.2 -I $(TOOLCHAIN_DIR)/usr/lib/swift/pm/4_2 -target x86_64-apple-macosx10.10 -sdk /Applications/Xcode.app/Contents/Developer/Platforms/MacOSX.platform/Developer/SDKs/MacOSX10.14.sdk";
				SWIFT_VERSION = 4.2;
			};
			name = Debug;
		};
		OBJ_123 /* Release */ = {
			isa = XCBuildConfiguration;
			buildSettings = {
				LD = /usr/bin/true;
				OTHER_SWIFT_FLAGS = "-swift-version 4.2 -I $(TOOLCHAIN_DIR)/usr/lib/swift/pm/4_2 -target x86_64-apple-macosx10.10 -sdk /Applications/Xcode.app/Contents/Developer/Platforms/MacOSX.platform/Developer/SDKs/MacOSX10.14.sdk";
				SWIFT_VERSION = 4.2;
			};
			name = Release;
		};
		OBJ_128 /* Debug */ = {
			isa = XCBuildConfiguration;
			buildSettings = {
			};
			name = Debug;
		};
		OBJ_129 /* Release */ = {
			isa = XCBuildConfiguration;
			buildSettings = {
			};
			name = Release;
		};
		OBJ_133 /* Debug */ = {
			isa = XCBuildConfiguration;
			buildSettings = {
				CLANG_ENABLE_MODULES = YES;
				EMBEDDED_CONTENT_CONTAINS_SWIFT = YES;
				FRAMEWORK_SEARCH_PATHS = (
					"$(inherited)",
					"$(PLATFORM_DIR)/Developer/Library/Frameworks",
				);
				HEADER_SEARCH_PATHS = (
					"$(inherited)",
					"$(SRCROOT)/.build/checkouts/CSQLite.git--1049426613550959699",
				);
				INFOPLIST_FILE = "sqlite-helper.xcodeproj/sqlite_helperTests_Info.plist";
				LD_RUNPATH_SEARCH_PATHS = "$(inherited) @loader_path/../Frameworks @loader_path/Frameworks";
				OTHER_CFLAGS = "$(inherited)";
				OTHER_LDFLAGS = "$(inherited)";
				OTHER_SWIFT_FLAGS = "$(inherited)";
				SWIFT_ACTIVE_COMPILATION_CONDITIONS = "$(inherited)";
				SWIFT_VERSION = 4.2;
				TARGET_NAME = "sqlite-helperTests";
			};
			name = Debug;
		};
		OBJ_134 /* Release */ = {
			isa = XCBuildConfiguration;
			buildSettings = {
				CLANG_ENABLE_MODULES = YES;
				EMBEDDED_CONTENT_CONTAINS_SWIFT = YES;
				FRAMEWORK_SEARCH_PATHS = (
					"$(inherited)",
					"$(PLATFORM_DIR)/Developer/Library/Frameworks",
				);
				HEADER_SEARCH_PATHS = (
					"$(inherited)",
					"$(SRCROOT)/.build/checkouts/CSQLite.git--1049426613550959699",
				);
				INFOPLIST_FILE = "sqlite-helper.xcodeproj/sqlite_helperTests_Info.plist";
				LD_RUNPATH_SEARCH_PATHS = "$(inherited) @loader_path/../Frameworks @loader_path/Frameworks";
				OTHER_CFLAGS = "$(inherited)";
				OTHER_LDFLAGS = "$(inherited)";
				OTHER_SWIFT_FLAGS = "$(inherited)";
				SWIFT_ACTIVE_COMPILATION_CONDITIONS = "$(inherited)";
				SWIFT_VERSION = 4.2;
				TARGET_NAME = "sqlite-helperTests";
			};
			name = Release;
		};
		OBJ_3 /* Debug */ = {
			isa = XCBuildConfiguration;
			buildSettings = {
				CLANG_ENABLE_OBJC_ARC = YES;
				COMBINE_HIDPI_IMAGES = YES;
				COPY_PHASE_STRIP = NO;
				DEBUG_INFORMATION_FORMAT = dwarf;
				DYLIB_INSTALL_NAME_BASE = "@rpath";
				ENABLE_NS_ASSERTIONS = YES;
				GCC_OPTIMIZATION_LEVEL = 0;
				GCC_PREPROCESSOR_DEFINITIONS = (
					"DEBUG=1",
					"$(inherited)",
				);
				MACOSX_DEPLOYMENT_TARGET = 10.10;
				ONLY_ACTIVE_ARCH = YES;
				OTHER_SWIFT_FLAGS = "-DXcode";
				PRODUCT_NAME = "$(TARGET_NAME)";
				SDKROOT = macosx;
				SUPPORTED_PLATFORMS = "macosx iphoneos iphonesimulator appletvos appletvsimulator watchos watchsimulator";
				SWIFT_ACTIVE_COMPILATION_CONDITIONS = "SWIFT_PACKAGE DEBUG";
				SWIFT_OPTIMIZATION_LEVEL = "-Onone";
				SWIFT_VERSION = 4.2;
				USE_HEADERMAP = NO;
			};
			name = Debug;
		};
		OBJ_4 /* Release */ = {
			isa = XCBuildConfiguration;
			buildSettings = {
				CLANG_ENABLE_OBJC_ARC = YES;
				COMBINE_HIDPI_IMAGES = YES;
				COPY_PHASE_STRIP = YES;
				DEBUG_INFORMATION_FORMAT = "dwarf-with-dsym";
				DYLIB_INSTALL_NAME_BASE = "@rpath";
				GCC_OPTIMIZATION_LEVEL = s;
				MACOSX_DEPLOYMENT_TARGET = 10.10;
				OTHER_SWIFT_FLAGS = "-DXcode";
				PRODUCT_NAME = "$(TARGET_NAME)";
				SDKROOT = macosx;
				SUPPORTED_PLATFORMS = "macosx iphoneos iphonesimulator appletvos appletvsimulator watchos watchsimulator";
				SWIFT_ACTIVE_COMPILATION_CONDITIONS = SWIFT_PACKAGE;
				SWIFT_OPTIMIZATION_LEVEL = "-Owholemodule";
				SWIFT_VERSION = 4.2;
				USE_HEADERMAP = NO;
			};
			name = Release;
		};
		OBJ_59 /* Debug */ = {
			isa = XCBuildConfiguration;
			buildSettings = {
				ENABLE_TESTABILITY = YES;
				FRAMEWORK_SEARCH_PATHS = (
					"$(inherited)",
					"$(PLATFORM_DIR)/Developer/Library/Frameworks",
				);
				HEADER_SEARCH_PATHS = (
					"$(inherited)",
					"$(SRCROOT)/.build/checkouts/CSQLite.git--1049426613550959699",
				);
				INFOPLIST_FILE = "sqlite-helper.xcodeproj/SQLite_Info.plist";
				LD_RUNPATH_SEARCH_PATHS = "$(inherited) $(TOOLCHAIN_DIR)/usr/lib/swift/macosx";
				OTHER_CFLAGS = "$(inherited)";
				OTHER_LDFLAGS = "$(inherited)";
				OTHER_SWIFT_FLAGS = "$(inherited)";
				PRODUCT_BUNDLE_IDENTIFIER = SQLite;
				PRODUCT_MODULE_NAME = "$(TARGET_NAME:c99extidentifier)";
				PRODUCT_NAME = "$(TARGET_NAME:c99extidentifier)";
				SKIP_INSTALL = YES;
				SWIFT_ACTIVE_COMPILATION_CONDITIONS = "$(inherited)";
				SWIFT_VERSION = 4.0;
				TARGET_NAME = SQLite;
			};
			name = Debug;
		};
		OBJ_60 /* Release */ = {
			isa = XCBuildConfiguration;
			buildSettings = {
				ENABLE_TESTABILITY = YES;
				FRAMEWORK_SEARCH_PATHS = (
					"$(inherited)",
					"$(PLATFORM_DIR)/Developer/Library/Frameworks",
				);
				HEADER_SEARCH_PATHS = (
					"$(inherited)",
					"$(SRCROOT)/.build/checkouts/CSQLite.git--1049426613550959699",
				);
				INFOPLIST_FILE = "sqlite-helper.xcodeproj/SQLite_Info.plist";
				LD_RUNPATH_SEARCH_PATHS = "$(inherited) $(TOOLCHAIN_DIR)/usr/lib/swift/macosx";
				OTHER_CFLAGS = "$(inherited)";
				OTHER_LDFLAGS = "$(inherited)";
				OTHER_SWIFT_FLAGS = "$(inherited)";
				PRODUCT_BUNDLE_IDENTIFIER = SQLite;
				PRODUCT_MODULE_NAME = "$(TARGET_NAME:c99extidentifier)";
				PRODUCT_NAME = "$(TARGET_NAME:c99extidentifier)";
				SKIP_INSTALL = YES;
				SWIFT_ACTIVE_COMPILATION_CONDITIONS = "$(inherited)";
				SWIFT_VERSION = 4.0;
				TARGET_NAME = SQLite;
			};
			name = Release;
		};
		OBJ_85 /* Debug */ = {
			isa = XCBuildConfiguration;
			buildSettings = {
				LD = /usr/bin/true;
				OTHER_SWIFT_FLAGS = "-swift-version 4 -I $(TOOLCHAIN_DIR)/usr/lib/swift/pm/4 -target x86_64-apple-macosx10.10 -sdk /Applications/Xcode.app/Contents/Developer/Platforms/MacOSX.platform/Developer/SDKs/MacOSX10.14.sdk";
				SWIFT_VERSION = 4.0;
			};
			name = Debug;
		};
		OBJ_86 /* Release */ = {
			isa = XCBuildConfiguration;
			buildSettings = {
				LD = /usr/bin/true;
				OTHER_SWIFT_FLAGS = "-swift-version 4 -I $(TOOLCHAIN_DIR)/usr/lib/swift/pm/4 -target x86_64-apple-macosx10.10 -sdk /Applications/Xcode.app/Contents/Developer/Platforms/MacOSX.platform/Developer/SDKs/MacOSX10.14.sdk";
				SWIFT_VERSION = 4.0;
			};
			name = Release;
		};
		OBJ_91 /* Debug */ = {
			isa = XCBuildConfiguration;
			buildSettings = {
				ENABLE_TESTABILITY = YES;
				FRAMEWORK_SEARCH_PATHS = (
					"$(inherited)",
					"$(PLATFORM_DIR)/Developer/Library/Frameworks",
				);
				HEADER_SEARCH_PATHS = "$(inherited)";
				INFOPLIST_FILE = "sqlite-helper.xcodeproj/apollo_mapper_Info.plist";
				LD_RUNPATH_SEARCH_PATHS = "$(inherited) $(TOOLCHAIN_DIR)/usr/lib/swift/macosx";
				OTHER_CFLAGS = "$(inherited)";
				OTHER_LDFLAGS = "$(inherited)";
				OTHER_SWIFT_FLAGS = "$(inherited)";
				PRODUCT_BUNDLE_IDENTIFIER = "apollo-mapper";
				PRODUCT_MODULE_NAME = "$(TARGET_NAME:c99extidentifier)";
				PRODUCT_NAME = "$(TARGET_NAME:c99extidentifier)";
				SKIP_INSTALL = YES;
				SWIFT_ACTIVE_COMPILATION_CONDITIONS = "$(inherited)";
				SWIFT_VERSION = 4.2;
				TARGET_NAME = "apollo-mapper";
			};
			name = Debug;
		};
		OBJ_92 /* Release */ = {
			isa = XCBuildConfiguration;
			buildSettings = {
				ENABLE_TESTABILITY = YES;
				FRAMEWORK_SEARCH_PATHS = (
					"$(inherited)",
					"$(PLATFORM_DIR)/Developer/Library/Frameworks",
				);
				HEADER_SEARCH_PATHS = "$(inherited)";
				INFOPLIST_FILE = "sqlite-helper.xcodeproj/apollo_mapper_Info.plist";
				LD_RUNPATH_SEARCH_PATHS = "$(inherited) $(TOOLCHAIN_DIR)/usr/lib/swift/macosx";
				OTHER_CFLAGS = "$(inherited)";
				OTHER_LDFLAGS = "$(inherited)";
				OTHER_SWIFT_FLAGS = "$(inherited)";
				PRODUCT_BUNDLE_IDENTIFIER = "apollo-mapper";
				PRODUCT_MODULE_NAME = "$(TARGET_NAME:c99extidentifier)";
				PRODUCT_NAME = "$(TARGET_NAME:c99extidentifier)";
				SKIP_INSTALL = YES;
				SWIFT_ACTIVE_COMPILATION_CONDITIONS = "$(inherited)";
				SWIFT_VERSION = 4.2;
				TARGET_NAME = "apollo-mapper";
			};
			name = Release;
		};
/* End XCBuildConfiguration section */

/* Begin XCConfigurationList section */
		OBJ_102 /* Build configuration list for PBXNativeTarget "apollo-mapperPackageDescription" */ = {
			isa = XCConfigurationList;
			buildConfigurations = (
				OBJ_103 /* Debug */,
				OBJ_104 /* Release */,
			);
			defaultConfigurationIsVisible = 0;
			defaultConfigurationName = Release;
		};
		OBJ_108 /* Build configuration list for PBXNativeTarget "sqlite-helper" */ = {
			isa = XCConfigurationList;
			buildConfigurations = (
				OBJ_109 /* Debug */,
				OBJ_110 /* Release */,
			);
			defaultConfigurationIsVisible = 0;
			defaultConfigurationName = Release;
		};
		OBJ_121 /* Build configuration list for PBXNativeTarget "sqlite-helperPackageDescription" */ = {
			isa = XCConfigurationList;
			buildConfigurations = (
				OBJ_122 /* Debug */,
				OBJ_123 /* Release */,
			);
			defaultConfigurationIsVisible = 0;
			defaultConfigurationName = Release;
		};
		OBJ_127 /* Build configuration list for PBXAggregateTarget "sqlite-helperPackageTests" */ = {
			isa = XCConfigurationList;
			buildConfigurations = (
				OBJ_128 /* Debug */,
				OBJ_129 /* Release */,
			);
			defaultConfigurationIsVisible = 0;
			defaultConfigurationName = Release;
		};
		OBJ_132 /* Build configuration list for PBXNativeTarget "sqlite-helperTests" */ = {
			isa = XCConfigurationList;
			buildConfigurations = (
				OBJ_133 /* Debug */,
				OBJ_134 /* Release */,
			);
			defaultConfigurationIsVisible = 0;
			defaultConfigurationName = Release;
		};
		OBJ_2 /* Build configuration list for PBXProject "sqlite-helper" */ = {
			isa = XCConfigurationList;
			buildConfigurations = (
				OBJ_3 /* Debug */,
				OBJ_4 /* Release */,
			);
			defaultConfigurationIsVisible = 0;
			defaultConfigurationName = Release;
		};
		OBJ_58 /* Build configuration list for PBXNativeTarget "SQLite" */ = {
			isa = XCConfigurationList;
			buildConfigurations = (
				OBJ_59 /* Debug */,
				OBJ_60 /* Release */,
			);
			defaultConfigurationIsVisible = 0;
			defaultConfigurationName = Release;
		};
		OBJ_84 /* Build configuration list for PBXNativeTarget "SQLite.swiftPackageDescription" */ = {
			isa = XCConfigurationList;
			buildConfigurations = (
				OBJ_85 /* Debug */,
				OBJ_86 /* Release */,
			);
			defaultConfigurationIsVisible = 0;
			defaultConfigurationName = Release;
		};
		OBJ_90 /* Build configuration list for PBXNativeTarget "apollo-mapper" */ = {
			isa = XCConfigurationList;
			buildConfigurations = (
				OBJ_91 /* Debug */,
				OBJ_92 /* Release */,
			);
			defaultConfigurationIsVisible = 0;
			defaultConfigurationName = Release;
		};
/* End XCConfigurationList section */
	};
	rootObject = OBJ_1 /* Project object */;
}
